
Microsoft Visual Studio Solution File, Format Version 12.00
# Visual Studio Version 17
VisualStudioVersion = 17.1.32228.430
MinimumVisualStudioVersion = 10.0.40219.1
Project("{FAE04EC0-301F-11D3-BF4B-00C04F79EFBC}") = "DigitalMenu.Domain", "DigitalMenu.Domain\DigitalMenu.Domain.csproj", "{3607DA5C-5FF2-471F-A001-ACF446CF90E6}"
EndProject
Project("{FAE04EC0-301F-11D3-BF4B-00C04F79EFBC}") = "DigitalMenu.Infrastructure", "DigitalMenu.Infrastructure\DigitalMenu.Infrastructure.csproj", "{0363C70E-371A-4422-A8B6-79BAB8E49EFD}"
EndProject
Project("{FAE04EC0-301F-11D3-BF4B-00C04F79EFBC}") = "DigitalMenu.Application", "DigitalMenu.Application\DigitalMenu.Application.csproj", "{D963DC49-81F4-4BA8-82A5-459476F66078}"
EndProject
Project("{FAE04EC0-301F-11D3-BF4B-00C04F79EFBC}") = "DigitalMenu.Api", "DigitalMenu.Api\DigitalMenu.Api.csproj", "{D85A97C1-A6A2-4A9C-B68F-0CDCBC2DDE0F}"
EndProject
Project("{FAE04EC0-301F-11D3-BF4B-00C04F79EFBC}") = "DigitalMenu.Infrastructure.IoC", "DigitalMenu.Infrastructure.IoC\DigitalMenu.Infrastructure.IoC.csproj", "{0FFF767B-3753-4922-BFB1-D5DE9FCE2A4C}"
EndProject
Global
	GlobalSection(SolutionConfigurationPlatforms) = preSolution
		Debug|Any CPU = Debug|Any CPU
		Release|Any CPU = Release|Any CPU
	EndGlobalSection
	GlobalSection(ProjectConfigurationPlatforms) = postSolution
		{3607DA5C-5FF2-471F-A001-ACF446CF90E6}.Debug|Any CPU.ActiveCfg = Debug|Any CPU
		{3607DA5C-5FF2-471F-A001-ACF446CF90E6}.Debug|Any CPU.Build.0 = Debug|Any CPU
		{3607DA5C-5FF2-471F-A001-ACF446CF90E6}.Release|Any CPU.ActiveCfg = Release|Any CPU
		{3607DA5C-5FF2-471F-A001-ACF446CF90E6}.Release|Any CPU.Build.0 = Release|Any CPU
		{0363C70E-371A-4422-A8B6-79BAB8E49EFD}.Debug|Any CPU.ActiveCfg = Debug|Any CPU
		{0363C70E-371A-4422-A8B6-79BAB8E49EFD}.Debug|Any CPU.Build.0 = Debug|Any CPU
		{0363C70E-371A-4422-A8B6-79BAB8E49EFD}.Release|Any CPU.ActiveCfg = Release|Any CPU
		{0363C70E-371A-4422-A8B6-79BAB8E49EFD}.Release|Any CPU.Build.0 = Release|Any CPU
		{D963DC49-81F4-4BA8-82A5-459476F66078}.Debug|Any CPU.ActiveCfg = Debug|Any CPU
		{D963DC49-81F4-4BA8-82A5-459476F66078}.Debug|Any CPU.Build.0 = Debug|Any CPU
		{D963DC49-81F4-4BA8-82A5-459476F66078}.Release|Any CPU.ActiveCfg = Release|Any CPU
		{D963DC49-81F4-4BA8-82A5-459476F66078}.Release|Any CPU.Build.0 = Release|Any CPU
		{D85A97C1-A6A2-4A9C-B68F-0CDCBC2DDE0F}.Debug|Any CPU.ActiveCfg = Debug|Any CPU
		{D85A97C1-A6A2-4A9C-B68F-0CDCBC2DDE0F}.Debug|Any CPU.Build.0 = Debug|Any CPU
		{D85A97C1-A6A2-4A9C-B68F-0CDCBC2DDE0F}.Release|Any CPU.ActiveCfg = Release|Any CPU
		{D85A97C1-A6A2-4A9C-B68F-0CDCBC2DDE0F}.Release|Any CPU.Build.0 = Release|Any CPU
		{0FFF767B-3753-4922-BFB1-D5DE9FCE2A4C}.Debug|Any CPU.ActiveCfg = Debug|Any CPU
		{0FFF767B-3753-4922-BFB1-D5DE9FCE2A4C}.Debug|Any CPU.Build.0 = Debug|Any CPU
		{0FFF767B-3753-4922-BFB1-D5DE9FCE2A4C}.Release|Any CPU.ActiveCfg = Release|Any CPU
		{0FFF767B-3753-4922-BFB1-D5DE9FCE2A4C}.Release|Any CPU.Build.0 = Release|Any CPU
	EndGlobalSection
	GlobalSection(SolutionProperties) = preSolution
		HideSolutionNode = FALSE
	EndGlobalSection
	GlobalSection(ExtensibilityGlobals) = postSolution
		SolutionGuid = {A15CA684-0BF3-498D-A69E-3F115C3219B3}
	EndGlobalSection
EndGlobal
